
Microsoft Visual Studio Solution File, Format Version 12.00
# Visual Studio Version 16
VisualStudioVersion = 16.0.31129.286
MinimumVisualStudioVersion = 10.0.40219.1
Project("{9A19103F-16F7-4668-BE54-9A1E7A4F7556}") = "ABI.Common", "ABI.Common\ABI.Common.csproj", "{EBFB371B-73AE-4743-A80D-20C92DCA3EDD}"
EndProject
Project("{2150E333-8FDC-42A3-9474-1A3956D46DE8}") = "ExternalLibs", "ExternalLibs", "{ED881B7B-55B1-4DE9-9106-ED7E14A096C1}"
	ProjectSection(SolutionItems) = preProject
		ExternalLibs\System.Runtime.WindowsRuntime.dll = ExternalLibs\System.Runtime.WindowsRuntime.dll
		ExternalLibs\Windows.winmd = ExternalLibs\Windows.winmd
	EndProjectSection
EndProject
Project("{FAE04EC0-301F-11D3-BF4B-00C04F79EFBC}") = "ABI.UI", "ABI.UI\ABI.UI.csproj", "{B9B6AFAD-6FE0-4AFE-9587-59E66BFF0817}"
EndProject
Global
	GlobalSection(SolutionConfigurationPlatforms) = preSolution
		Debug|Any CPU = Debug|Any CPU
		Release|Any CPU = Release|Any CPU
	EndGlobalSection
	GlobalSection(ProjectConfigurationPlatforms) = postSolution
		{EBFB371B-73AE-4743-A80D-20C92DCA3EDD}.Debug|Any CPU.ActiveCfg = Debug|Any CPU
		{EBFB371B-73AE-4743-A80D-20C92DCA3EDD}.Debug|Any CPU.Build.0 = Debug|Any CPU
		{EBFB371B-73AE-4743-A80D-20C92DCA3EDD}.Release|Any CPU.ActiveCfg = Release|Any CPU
		{EBFB371B-73AE-4743-A80D-20C92DCA3EDD}.Release|Any CPU.Build.0 = Release|Any CPU
		{B9B6AFAD-6FE0-4AFE-9587-59E66BFF0817}.Debug|Any CPU.ActiveCfg = Debug|Any CPU
		{B9B6AFAD-6FE0-4AFE-9587-59E66BFF0817}.Debug|Any CPU.Build.0 = Debug|Any CPU
		{B9B6AFAD-6FE0-4AFE-9587-59E66BFF0817}.Release|Any CPU.ActiveCfg = Release|Any CPU
		{B9B6AFAD-6FE0-4AFE-9587-59E66BFF0817}.Release|Any CPU.Build.0 = Release|Any CPU
	EndGlobalSection
	GlobalSection(SolutionProperties) = preSolution
		HideSolutionNode = FALSE
	EndGlobalSection
	GlobalSection(ExtensibilityGlobals) = postSolution
		SolutionGuid = {D6D0A9C6-4F2E-4616-8383-3B142B68729B}
	EndGlobalSection
EndGlobal
